// !$*UTF8*$!
{
	archiveVersion = 1;
	classes = {
	};
	objectVersion = 46;
	objects = {

/* Begin PBXBuildFile section */
		7E1FCD5B1CEADC5D00208688 /* EditViewController.swift in Sources */ = {isa = PBXBuildFile; fileRef = 7E1FCD5A1CEADC5D00208688 /* EditViewController.swift */; };
		7E1FCD5D1CEADEA800208688 /* ClassModel.swift in Sources */ = {isa = PBXBuildFile; fileRef = 7E1FCD5C1CEADEA800208688 /* ClassModel.swift */; };
		7E1FCD5F1CEADF0A00208688 /* DbHelper.swift in Sources */ = {isa = PBXBuildFile; fileRef = 7E1FCD5E1CEADF0A00208688 /* DbHelper.swift */; };
		7EEA5D311CE9CC3500D6FBD7 /* AppDelegate.swift in Sources */ = {isa = PBXBuildFile; fileRef = 7EEA5D301CE9CC3500D6FBD7 /* AppDelegate.swift */; };
		7EEA5D331CE9CC3500D6FBD7 /* ViewController.swift in Sources */ = {isa = PBXBuildFile; fileRef = 7EEA5D321CE9CC3500D6FBD7 /* ViewController.swift */; };
		7EEA5D361CE9CC3500D6FBD7 /* Main.storyboard in Resources */ = {isa = PBXBuildFile; fileRef = 7EEA5D341CE9CC3500D6FBD7 /* Main.storyboard */; };
		7EEA5D381CE9CC3500D6FBD7 /* Assets.xcassets in Resources */ = {isa = PBXBuildFile; fileRef = 7EEA5D371CE9CC3500D6FBD7 /* Assets.xcassets */; };
		7EEA5D3B1CE9CC3500D6FBD7 /* LaunchScreen.storyboard in Resources */ = {isa = PBXBuildFile; fileRef = 7EEA5D391CE9CC3500D6FBD7 /* LaunchScreen.storyboard */; };
		7EEA5D471CE9D0A800D6FBD7 /* Cell.swift in Sources */ = {isa = PBXBuildFile; fileRef = 7EEA5D461CE9D0A800D6FBD7 /* Cell.swift */; };
		7EEA5D491CE9D0B800D6FBD7 /* Cell.xib in Resources */ = {isa = PBXBuildFile; fileRef = 7EEA5D481CE9D0B800D6FBD7 /* Cell.xib */; };
		C00173C243E02EBFEEB3973B /* Pods_RealmExample.framework in Frameworks */ = {isa = PBXBuildFile; fileRef = FD07FBDEF1927125E737F51F /* Pods_RealmExample.framework */; };
/* End PBXBuildFile section */

/* Begin PBXFileReference section */
		26E24D140883A7527C3719EA /* Pods-RealmExample.release.xcconfig */ = {isa = PBXFileReference; includeInIndex = 1; lastKnownFileType = text.xcconfig; name = "Pods-RealmExample.release.xcconfig"; path = "Pods/Target Support Files/Pods-RealmExample/Pods-RealmExample.release.xcconfig"; sourceTree = "<group>"; };
		7E1FCD5A1CEADC5D00208688 /* EditViewController.swift */ = {isa = PBXFileReference; fileEncoding = 4; lastKnownFileType = sourcecode.swift; path = EditViewController.swift; sourceTree = "<group>"; };
		7E1FCD5C1CEADEA800208688 /* ClassModel.swift */ = {isa = PBXFileReference; fileEncoding = 4; lastKnownFileType = sourcecode.swift; path = ClassModel.swift; sourceTree = "<group>"; };
		7E1FCD5E1CEADF0A00208688 /* DbHelper.swift */ = {isa = PBXFileReference; fileEncoding = 4; lastKnownFileType = sourcecode.swift; path = DbHelper.swift; sourceTree = "<group>"; };
		7EEA5D2D1CE9CC3400D6FBD7 /* RealmExample.app */ = {isa = PBXFileReference; explicitFileType = wrapper.application; includeInIndex = 0; path = RealmExample.app; sourceTree = BUILT_PRODUCTS_DIR; };
		7EEA5D301CE9CC3500D6FBD7 /* AppDelegate.swift */ = {isa = PBXFileReference; lastKnownFileType = sourcecode.swift; path = AppDelegate.swift; sourceTree = "<group>"; };
		7EEA5D321CE9CC3500D6FBD7 /* ViewController.swift */ = {isa = PBXFileReference; lastKnownFileType = sourcecode.swift; path = ViewController.swift; sourceTree = "<group>"; };
		7EEA5D351CE9CC3500D6FBD7 /* Base */ = {isa = PBXFileReference; lastKnownFileType = file.storyboard; name = Base; path = Base.lproj/Main.storyboard; sourceTree = "<group>"; };
		7EEA5D371CE9CC3500D6FBD7 /* Assets.xcassets */ = {isa = PBXFileReference; lastKnownFileType = folder.assetcatalog; path = Assets.xcassets; sourceTree = "<group>"; };
		7EEA5D3A1CE9CC3500D6FBD7 /* Base */ = {isa = PBXFileReference; lastKnownFileType = file.storyboard; name = Base; path = Base.lproj/LaunchScreen.storyboard; sourceTree = "<group>"; };
		7EEA5D3C1CE9CC3500D6FBD7 /* Info.plist */ = {isa = PBXFileReference; lastKnownFileType = text.plist.xml; path = Info.plist; sourceTree = "<group>"; };
		7EEA5D461CE9D0A800D6FBD7 /* Cell.swift */ = {isa = PBXFileReference; fileEncoding = 4; lastKnownFileType = sourcecode.swift; path = Cell.swift; sourceTree = "<group>"; };
		7EEA5D481CE9D0B800D6FBD7 /* Cell.xib */ = {isa = PBXFileReference; fileEncoding = 4; lastKnownFileType = file.xib; path = Cell.xib; sourceTree = "<group>"; };
		A4EEBF3265B707EDBB869CE2 /* Pods-RealmExample.debug.xcconfig */ = {isa = PBXFileReference; includeInIndex = 1; lastKnownFileType = text.xcconfig; name = "Pods-RealmExample.debug.xcconfig"; path = "Pods/Target Support Files/Pods-RealmExample/Pods-RealmExample.debug.xcconfig"; sourceTree = "<group>"; };
		FD07FBDEF1927125E737F51F /* Pods_RealmExample.framework */ = {isa = PBXFileReference; explicitFileType = wrapper.framework; includeInIndex = 0; path = Pods_RealmExample.framework; sourceTree = BUILT_PRODUCTS_DIR; };
/* End PBXFileReference section */

/* Begin PBXFrameworksBuildPhase section */
		7EEA5D2A1CE9CC3400D6FBD7 /* Frameworks */ = {
			isa = PBXFrameworksBuildPhase;
			buildActionMask = 2147483647;
			files = (
				C00173C243E02EBFEEB3973B /* Pods_RealmExample.framework in Frameworks */,
			);
			runOnlyForDeploymentPostprocessing = 0;
		};
/* End PBXFrameworksBuildPhase section */

/* Begin PBXGroup section */
		212E5F056395FF9748676CFA /* Pods */ = {
			isa = PBXGroup;
			children = (
				A4EEBF3265B707EDBB869CE2 /* Pods-RealmExample.debug.xcconfig */,
				26E24D140883A7527C3719EA /* Pods-RealmExample.release.xcconfig */,
			);
			name = Pods;
			sourceTree = "<group>";
		};
		32CA714A475EC7FD6C63400F /* Frameworks */ = {
			isa = PBXGroup;
			children = (
				FD07FBDEF1927125E737F51F /* Pods_RealmExample.framework */,
			);
			name = Frameworks;
			sourceTree = "<group>";
		};
		7EEA5D241CE9CC3400D6FBD7 = {
			isa = PBXGroup;
			children = (
				7EEA5D2F1CE9CC3500D6FBD7 /* RealmExample */,
				7EEA5D2E1CE9CC3400D6FBD7 /* Products */,
				212E5F056395FF9748676CFA /* Pods */,
				32CA714A475EC7FD6C63400F /* Frameworks */,
			);
			sourceTree = "<group>";
		};
		7EEA5D2E1CE9CC3400D6FBD7 /* Products */ = {
			isa = PBXGroup;
			children = (
				7EEA5D2D1CE9CC3400D6FBD7 /* RealmExample.app */,
			);
			name = Products;
			sourceTree = "<group>";
		};
		7EEA5D2F1CE9CC3500D6FBD7 /* RealmExample */ = {
			isa = PBXGroup;
			children = (
				7EEA5D301CE9CC3500D6FBD7 /* AppDelegate.swift */,
				7EEA5D321CE9CC3500D6FBD7 /* ViewController.swift */,
				7EEA5D341CE9CC3500D6FBD7 /* Main.storyboard */,
				7EEA5D371CE9CC3500D6FBD7 /* Assets.xcassets */,
				7EEA5D391CE9CC3500D6FBD7 /* LaunchScreen.storyboard */,
				7EEA5D3C1CE9CC3500D6FBD7 /* Info.plist */,
				7EEA5D461CE9D0A800D6FBD7 /* Cell.swift */,
				7EEA5D481CE9D0B800D6FBD7 /* Cell.xib */,
				7E1FCD5A1CEADC5D00208688 /* EditViewController.swift */,
				7E1FCD5C1CEADEA800208688 /* ClassModel.swift */,
				7E1FCD5E1CEADF0A00208688 /* DbHelper.swift */,
			);
			path = RealmExample;
			sourceTree = "<group>";
		};
/* End PBXGroup section */

/* Begin PBXNativeTarget section */
		7EEA5D2C1CE9CC3400D6FBD7 /* RealmExample */ = {
			isa = PBXNativeTarget;
			buildConfigurationList = 7EEA5D3F1CE9CC3500D6FBD7 /* Build configuration list for PBXNativeTarget "RealmExample" */;
			buildPhases = (
				E14BA2C52F80E7171E315644 /* Check Pods Manifest.lock */,
				7EEA5D291CE9CC3400D6FBD7 /* Sources */,
				7EEA5D2A1CE9CC3400D6FBD7 /* Frameworks */,
				7EEA5D2B1CE9CC3400D6FBD7 /* Resources */,
				EA652FAC5C270FB26FA468C8 /* Embed Pods Frameworks */,
				F5A71EFDC5043E38C6B8B1FE /* Copy Pods Resources */,
			);
			buildRules = (
			);
			dependencies = (
			);
			name = RealmExample;
			productName = RealmExample;
			productReference = 7EEA5D2D1CE9CC3400D6FBD7 /* RealmExample.app */;
			productType = "com.apple.product-type.application";
		};
/* End PBXNativeTarget section */

/* Begin PBXProject section */
		7EEA5D251CE9CC3400D6FBD7 /* Project object */ = {
			isa = PBXProject;
			attributes = {
				LastSwiftUpdateCheck = 0730;
				LastUpgradeCheck = 0730;
				ORGANIZATIONNAME = algostudio;
				TargetAttributes = {
					7EEA5D2C1CE9CC3400D6FBD7 = {
						CreatedOnToolsVersion = 7.3.1;
					};
				};
			};
			buildConfigurationList = 7EEA5D281CE9CC3400D6FBD7 /* Build configuration list for PBXProject "RealmExample" */;
			compatibilityVersion = "Xcode 3.2";
			developmentRegion = English;
			hasScannedForEncodings = 0;
			knownRegions = (
				en,
				Base,
			);
			mainGroup = 7EEA5D241CE9CC3400D6FBD7;
			productRefGroup = 7EEA5D2E1CE9CC3400D6FBD7 /* Products */;
			projectDirPath = "";
			projectRoot = "";
			targets = (
				7EEA5D2C1CE9CC3400D6FBD7 /* RealmExample */,
			);
		};
/* End PBXProject section */

/* Begin PBXResourcesBuildPhase section */
		7EEA5D2B1CE9CC3400D6FBD7 /* Resources */ = {
			isa = PBXResourcesBuildPhase;
			buildActionMask = 2147483647;
			files = (
				7EEA5D3B1CE9CC3500D6FBD7 /* LaunchScreen.storyboard in Resources */,
				7EEA5D491CE9D0B800D6FBD7 /* Cell.xib in Resources */,
				7EEA5D381CE9CC3500D6FBD7 /* Assets.xcassets in Resources */,
				7EEA5D361CE9CC3500D6FBD7 /* Main.storyboard in Resources */,
			);
			runOnlyForDeploymentPostprocessing = 0;
		};
/* End PBXResourcesBuildPhase section */

/* Begin PBXShellScriptBuildPhase section */
		E14BA2C52F80E7171E315644 /* Check Pods Manifest.lock */ = {
			isa = PBXShellScriptBuildPhase;
			buildActionMask = 2147483647;
			files = (
			);
			inputPaths = (
			);
			name = "Check Pods Manifest.lock";
			outputPaths = (
			);
			runOnlyForDeploymentPostprocessing = 0;
			shellPath = /bin/sh;
			shellScript = "diff \"${PODS_ROOT}/../Podfile.lock\" \"${PODS_ROOT}/Manifest.lock\" > /dev/null\nif [[ $? != 0 ]] ; then\n    cat << EOM\nerror: The sandbox is not in sync with the Podfile.lock. Run 'pod install' or update your CocoaPods installation.\nEOM\n    exit 1\nfi\n";
			showEnvVarsInLog = 0;
		};
		EA652FAC5C270FB26FA468C8 /* Embed Pods Frameworks */ = {
			isa = PBXShellScriptBuildPhase;
			buildActionMask = 2147483647;
			files = (
			);
			inputPaths = (
			);
			name = "Embed Pods Frameworks";
			outputPaths = (
			);
			runOnlyForDeploymentPostprocessing = 0;
			shellPath = /bin/sh;
			shellScript = "\"${SRCROOT}/Pods/Target Support Files/Pods-RealmExample/Pods-RealmExample-frameworks.sh\"\n";
			showEnvVarsInLog = 0;
		};
		F5A71EFDC5043E38C6B8B1FE /* Copy Pods Resources */ = {
			isa = PBXShellScriptBuildPhase;
			buildActionMask = 2147483647;
			files = (
			);
			inputPaths = (
			);
			name = "Copy Pods Resources";
			outputPaths = (
			);
			runOnlyForDeploymentPostprocessing = 0;
			shellPath = /bin/sh;
			shellScript = "\"${SRCROOT}/Pods/Target Support Files/Pods-RealmExample/Pods-RealmExample-resources.sh\"\n";
			showEnvVarsInLog = 0;
		};
/* End PBXShellScriptBuildPhase section */

/* Begin PBXSourcesBuildPhase section */
		7EEA5D291CE9CC3400D6FBD7 /* Sources */ = {
			isa = PBXSourcesBuildPhase;
			buildActionMask = 2147483647;
			files = (
				7E1FCD5B1CEADC5D00208688 /* EditViewController.swift in Sources */,
				7E1FCD5F1CEADF0A00208688 /* DbHelper.swift in Sources */,
				7EEA5D331CE9CC3500D6FBD7 /* ViewController.swift in Sources */,
				7EEA5D311CE9CC3500D6FBD7 /* AppDelegate.swift in Sources */,
				7E1FCD5D1CEADEA800208688 /* ClassModel.swift in Sources */,
				7EEA5D471CE9D0A800D6FBD7 /* Cell.swift in Sources */,
			);
			runOnlyForDeploymentPostprocessing = 0;
		};
/* End PBXSourcesBuildPhase section */

/* Begin PBXVariantGroup section */
		7EEA5D341CE9CC3500D6FBD7 /* Main.storyboard */ = {
			isa = PBXVariantGroup;
			children = (
				7EEA5D351CE9CC3500D6FBD7 /* Base */,
			);
			name = Main.storyboard;
			sourceTree = "<group>";
		};
		7EEA5D391CE9CC3500D6FBD7 /* LaunchScreen.storyboard */ = {
			isa = PBXVariantGroup;
			children = (
				7EEA5D3A1CE9CC3500D6FBD7 /* Base */,
			);
			name = LaunchScreen.storyboard;
			sourceTree = "<group>";
		};
/* End PBXVariantGroup section */

/* Begin XCBuildConfiguration section */
		7EEA5D3D1CE9CC3500D6FBD7 /* Debug */ = {
			isa = XCBuildConfiguration;
			buildSettings = {
				ALWAYS_SEARCH_USER_PATHS = NO;
				CLANG_ANALYZER_NONNULL = YES;
				CLANG_CXX_LANGUAGE_STANDARD = "gnu++0x";
				CLANG_CXX_LIBRARY = "libc++";
				CLANG_ENABLE_MODULES = YES;
				CLANG_ENABLE_OBJC_ARC = YES;
				CLANG_WARN_BOOL_CONVERSION = YES;
				CLANG_WARN_CONSTANT_CONVERSION = YES;
				CLANG_WARN_DIRECT_OBJC_ISA_USAGE = YES_ERROR;
				CLANG_WARN_EMPTY_BODY = YES;
				CLANG_WARN_ENUM_CONVERSION = YES;
				CLANG_WARN_INT_CONVERSION = YES;
				CLANG_WARN_OBJC_ROOT_CLASS = YES_ERROR;
				CLANG_WARN_UNREACHABLE_CODE = YES;
				CLANG_WARN__DUPLICATE_METHOD_MATCH = YES;
				"CODE_SIGN_IDENTITY[sdk=iphoneos*]" = "iPhone Developer";
				COPY_PHASE_STRIP = NO;
				DEBUG_INFORMATION_FORMAT = dwarf;
				ENABLE_STRICT_OBJC_MSGSEND = YES;
				ENABLE_TESTABILITY = YES;
				GCC_C_LANGUAGE_STANDARD = gnu99;
				GCC_DYNAMIC_NO_PIC = NO;
				GCC_NO_COMMON_BLOCKS = YES;
				GCC_OPTIMIZATION_LEVEL = 0;
				GCC_PREPROCESSOR_DEFINITIONS = (
					"DEBUG=1",
					"$(inherited)",
				);
				GCC_WARN_64_TO_32_BIT_CONVERSION = YES;
				GCC_WARN_ABOUT_RETURN_TYPE = YES_ERROR;
				GCC_WARN_UNDECLARED_SELECTOR = YES;
				GCC_WARN_UNINITIALIZED_AUTOS = YES_AGGRESSIVE;
				GCC_WARN_UNUSED_FUNCTION = YES;
				GCC_WARN_UNUSED_VARIABLE = YES;
				IPHONEOS_DEPLOYMENT_TARGET = 9.3;
				MTL_ENABLE_DEBUG_INFO = YES;
				ONLY_ACTIVE_ARCH = YES;
				SDKROOT = iphoneos;
				SWIFT_OPTIMIZATION_LEVEL = "-Onone";
			};
			name = Debug;
		};
		7EEA5D3E1CE9CC3500D6FBD7 /* Release */ = {
			isa = XCBuildConfiguration;
			buildSettings = {
				ALWAYS_SEARCH_USER_PATHS = NO;
				CLANG_ANALYZER_NONNULL = YES;
				CLANG_CXX_LANGUAGE_STANDARD = "gnu++0x";
				CLANG_CXX_LIBRARY = "libc++";
				CLANG_ENABLE_MODULES = YES;
				CLANG_ENABLE_OBJC_ARC = YES;
				CLANG_WARN_BOOL_CONVERSION = YES;
				CLANG_WARN_CONSTANT_CONVERSION = YES;
				CLANG_WARN_DIRECT_OBJC_ISA_USAGE = YES_ERROR;
				CLANG_WARN_EMPTY_BODY = YES;
				CLANG_WARN_ENUM_CONVERSION = YES;
				CLANG_WARN_INT_CONVERSION = YES;
				CLANG_WARN_OBJC_ROOT_CLASS = YES_ERROR;
				CLANG_WARN_UNREACHABLE_CODE = YES;
				CLANG_WARN__DUPLICATE_METHOD_MATCH = YES;
				"CODE_SIGN_IDENTITY[sdk=iphoneos*]" = "iPhone Developer";
				COPY_PHASE_STRIP = NO;
				DEBUG_INFORMATION_FORMAT = "dwarf-with-dsym";
				ENABLE_NS_ASSERTIONS = NO;
				ENABLE_STRICT_OBJC_MSGSEND = YES;
				GCC_C_LANGUAGE_STANDARD = gnu99;
				GCC_NO_COMMON_BLOCKS = YES;
				GCC_WARN_64_TO_32_BIT_CONVERSION = YES;
				GCC_WARN_ABOUT_RETURN_TYPE = YES_ERROR;
				GCC_WARN_UNDECLARED_SELECTOR = YES;
				GCC_WARN_UNINITIALIZED_AUTOS = YES_AGGRESSIVE;
				GCC_WARN_UNUSED_FUNCTION = YES;
				GCC_WARN_UNUSED_VARIABLE = YES;
				IPHONEOS_DEPLOYMENT_TARGET = 9.3;
				MTL_ENABLE_DEBUG_INFO = NO;
				SDKROOT = iphoneos;
				VALIDATE_PRODUCT = YES;
			};
			name = Release;
		};
		7EEA5D401CE9CC3500D6FBD7 /* Debug */ = {
			isa = XCBuildConfiguration;
			baseConfigurationReference = A4EEBF3265B707EDBB869CE2 /* Pods-RealmExample.debug.xcconfig */;
			buildSettings = {
				ASSETCATALOG_COMPILER_APPICON_NAME = AppIcon;
				INFOPLIST_FILE = RealmExample/Info.plist;
				LD_RUNPATH_SEARCH_PATHS = "$(inherited) @executable_path/Frameworks";
				PRODUCT_BUNDLE_IDENTIFIER = com.algostudio.RealmExample;
				PRODUCT_NAME = "$(TARGET_NAME)";
			};
			name = Debug;
		};
		7EEA5D411CE9CC3500D6FBD7 /* Release */ = {
			isa = XCBuildConfiguration;
			baseConfigurationReference = 26E24D140883A7527C3719EA /* Pods-RealmExample.release.xcconfig */;
			buildSettings = {
				ASSETCATALOG_COMPILER_APPICON_NAME = AppIcon;
				INFOPLIST_FILE = RealmExample/Info.plist;
				LD_RUNPATH_SEARCH_PATHS = "$(inherited) @executable_path/Frameworks";
				PRODUCT_BUNDLE_IDENTIFIER = com.algostudio.RealmExample;
				PRODUCT_NAME = "$(TARGET_NAME)";
			};
			name = Release;
		};
/* End XCBuildConfiguration section */

/* Begin XCConfigurationList section */
		7EEA5D281CE9CC3400D6FBD7 /* Build configuration list for PBXProject "RealmExample" */ = {
			isa = XCConfigurationList;
			buildConfigurations = (
				7EEA5D3D1CE9CC3500D6FBD7 /* Debug */,
				7EEA5D3E1CE9CC3500D6FBD7 /* Release */,
			);
			defaultConfigurationIsVisible = 0;
			defaultConfigurationName = Release;
		};
		7EEA5D3F1CE9CC3500D6FBD7 /* Build configuration list for PBXNativeTarget "RealmExample" */ = {
			isa = XCConfigurationList;
			buildConfigurations = (
				7EEA5D401CE9CC3500D6FBD7 /* Debug */,
				7EEA5D411CE9CC3500D6FBD7 /* Release */,
			);
			defaultConfigurationIsVisible = 0;
			defaultConfigurationName = Release;
		};
/* End XCConfigurationList section */
	};
	rootObject = 7EEA5D251CE9CC3400D6FBD7 /* Project object */;
}
